
Microsoft Visual Studio Solution File, Format Version 12.00
# Visual Studio Version 16
VisualStudioVersion = 16.0.33927.289
MinimumVisualStudioVersion = 10.0.40219.1
Project("{2150E333-8FDC-42A3-9474-1A3956D46DE8}") = "Task0", "Task0", "{8D4F91EA-DFE1-4B55-B3AF-C16B1B1912E7}"
EndProject
Project("{FAE04EC0-301F-11D3-BF4B-00C04F79EFBC}") = "Tyuiu.BorisovaDS.Sprint0.Task0.V0", "Tyuiu.BorisovaDS.Sprint0.Task0.V0\Tyuiu.BorisovaDS.Sprint0.Task0.V0.csproj", "{5864834E-A24A-4B4D-AA23-EF67B69C5624}"
EndProject
Project("{2150E333-8FDC-42A3-9474-1A3956D46DE8}") = "Task2", "Task2", "{6335B2B3-7AE5-4F6C-BDA8-3932C510FEDC}"
EndProject
Project("{FAE04EC0-301F-11D3-BF4B-00C04F79EFBC}") = "Tyuiu.BorisovaDS.Sprint0.Task2.V0", "Tyuiu.BorisovaDS.Sprint0.Task2.V0\Tyuiu.BorisovaDS.Sprint0.Task2.V0.csproj", "{F31C5CE5-3A26-406B-86B4-1303D44F33EE}"
EndProject
Project("{FAE04EC0-301F-11D3-BF4B-00C04F79EFBC}") = "Tyuiu.BorisovaDS.Sprint0.Task2.V0.Lib", "Tyuiu.BorisovaDS.Sprint0.Task2.V0.Lib\Tyuiu.BorisovaDS.Sprint0.Task2.V0.Lib.csproj", "{B731C704-BAAB-4B82-AEB6-3EDA50AD43FF}"
EndProject
Project("{FAE04EC0-301F-11D3-BF4B-00C04F79EFBC}") = "Tyuiu.BorisovaDS.Sprint0.Task2.V0.Test", "Tyuiu.BorisovaDS.Sprint0.Task2.V0.Test\Tyuiu.BorisovaDS.Sprint0.Task2.V0.Test.csproj", "{99F8B87B-4F43-46D3-938D-0796399D990F}"
EndProject
Project("{2150E333-8FDC-42A3-9474-1A3956D46DE8}") = "Task3", "Task3", "{7AF42A8B-4E7A-49C4-8BF1-8E8BD7EBD4EF}"
EndProject
Project("{FAE04EC0-301F-11D3-BF4B-00C04F79EFBC}") = "Tyuiu.BorisovaDS.Sprint0.Task3.V0", "Tyuiu.BorisovaDS.Sprint0.Task3.V0\Tyuiu.BorisovaDS.Sprint0.Task3.V0.csproj", "{AC47578D-A93E-4838-A5BB-ADD52389C4B3}"
EndProject
Project("{FAE04EC0-301F-11D3-BF4B-00C04F79EFBC}") = "Tyuiu.BorisovaDS.Sprint0.Task3.V0.Test", "Tyuiu.BorisovaDS.Sprint0.Task3.V0.Test\Tyuiu.BorisovaDS.Sprint0.Task3.V0.Test.csproj", "{1AA3569F-70EF-403E-B8FC-E3CE78DCB99F}"
EndProject
Project("{2150E333-8FDC-42A3-9474-1A3956D46DE8}") = "Task4", "Task4", "{B843D8AC-E9B6-4922-9303-EE4971530930}"
EndProject
Project("{FAE04EC0-301F-11D3-BF4B-00C04F79EFBC}") = "Tyuiu.BorisovaDS.Sprint0.Task4.V0.Lib", "Tyuiu.BorisovaDS.Sprint0.Task4.V0.Lib\Tyuiu.BorisovaDS.Sprint0.Task4.V0.Lib.csproj", "{260FCC36-1B1C-4F1B-81B8-3D87003834F4}"
EndProject
Project("{FAE04EC0-301F-11D3-BF4B-00C04F79EFBC}") = "Tyuiu.BorisovaDS.Sprint0.Task4.V0.Test", "Tyuiu.BorisovaDS.Sprint0.Task4.V0.Test\Tyuiu.BorisovaDS.Sprint0.Task4.V0.Test.csproj", "{A13CF2F6-1BBD-46CA-9252-A04F6C2C4766}"
EndProject
Project("{2150E333-8FDC-42A3-9474-1A3956D46DE8}") = "Task5", "Task5", "{D3EC1BB9-2861-4539-B413-04AE2B6374C5}"
EndProject
Project("{2150E333-8FDC-42A3-9474-1A3956D46DE8}") = "Task6", "Task6", "{B0AD2BE7-5CE9-4AA7-A677-E8FE89F5478D}"
EndProject
Project("{2150E333-8FDC-42A3-9474-1A3956D46DE8}") = "Task7", "Task7", "{06380B55-FC67-424A-984E-64D76FB641F6}"
EndProject
Project("{FAE04EC0-301F-11D3-BF4B-00C04F79EFBC}") = "Tyuiu.BorisovaDS.Sprint0.Task5.V0", "Tyuiu.BorisovaDS.Sprint0.Task5.V0\Tyuiu.BorisovaDS.Sprint0.Task5.V0.csproj", "{1ADAC42E-BB20-4E81-930E-4E8F0E4FAC2A}"
EndProject
Project("{FAE04EC0-301F-11D3-BF4B-00C04F79EFBC}") = "Tyuiu.BorisovaDS.Sprint0.Task5.V0.Lib", "Tyuiu.BorisovaDS.Sprint0.Task5.V0.Lib\Tyuiu.BorisovaDS.Sprint0.Task5.V0.Lib.csproj", "{83F1CF75-BFC7-4C18-B752-EE8BBD7A7E9C}"
EndProject
Project("{FAE04EC0-301F-11D3-BF4B-00C04F79EFBC}") = "Tyuiu.BorisovaDS.Sprint0.Task5.V0.Test", "Tyuiu.BorisovaDS.Sprint0.Task5.V0.Test\Tyuiu.BorisovaDS.Sprint0.Task5.V0.Test.csproj", "{F440C669-A5C3-4946-A683-7136A7C95E05}"
EndProject
Project("{2150E333-8FDC-42A3-9474-1A3956D46DE8}") = "Task1", "Task1", "{BB1D409B-15EB-4DEB-AD66-34032B263AB6}"
EndProject
Project("{FAE04EC0-301F-11D3-BF4B-00C04F79EFBC}") = "Tyuiu.BorisovaDS.Sprint0.Task1.V0", "Tyuiu.BorisovaDS.Sprint0.Task1\Tyuiu.BorisovaDS.Sprint0.Task1.V0.csproj", "{D4B61003-6E66-4F3C-90BF-C94C60D0A00A}"
EndProject
Project("{FAE04EC0-301F-11D3-BF4B-00C04F79EFBC}") = "Tyuiu.BorisovaDS.Sprint0.Task3.V0.Lib", "Tyuiu.BorisovaDS.Sprint0.Task3.V0.Li\Tyuiu.BorisovaDS.Sprint0.Task3.V0.Lib.csproj", "{7B7BEB75-B1DC-456B-9D45-CDB7F97E11B3}"
EndProject
Project("{FAE04EC0-301F-11D3-BF4B-00C04F79EFBC}") = "Tyuiu.BorisovaDS.Sprint0.Task4.V0", "Tyuiu.BorisovaDS.Sprint0.Task4\Tyuiu.BorisovaDS.Sprint0.Task4.V0.csproj", "{BC42AE2E-D280-440D-9E3B-108CD87E79B5}"
EndProject
Global
	GlobalSection(SolutionConfigurationPlatforms) = preSolution
		Debug|Any CPU = Debug|Any CPU
		Release|Any CPU = Release|Any CPU
	EndGlobalSection
	GlobalSection(ProjectConfigurationPlatforms) = postSolution
		{5864834E-A24A-4B4D-AA23-EF67B69C5624}.Debug|Any CPU.ActiveCfg = Debug|Any CPU
		{5864834E-A24A-4B4D-AA23-EF67B69C5624}.Debug|Any CPU.Build.0 = Debug|Any CPU
		{5864834E-A24A-4B4D-AA23-EF67B69C5624}.Release|Any CPU.ActiveCfg = Release|Any CPU
		{5864834E-A24A-4B4D-AA23-EF67B69C5624}.Release|Any CPU.Build.0 = Release|Any CPU
		{F31C5CE5-3A26-406B-86B4-1303D44F33EE}.Debug|Any CPU.ActiveCfg = Debug|Any CPU
		{F31C5CE5-3A26-406B-86B4-1303D44F33EE}.Debug|Any CPU.Build.0 = Debug|Any CPU
		{F31C5CE5-3A26-406B-86B4-1303D44F33EE}.Release|Any CPU.ActiveCfg = Release|Any CPU
		{F31C5CE5-3A26-406B-86B4-1303D44F33EE}.Release|Any CPU.Build.0 = Release|Any CPU
		{B731C704-BAAB-4B82-AEB6-3EDA50AD43FF}.Debug|Any CPU.ActiveCfg = Debug|Any CPU
		{B731C704-BAAB-4B82-AEB6-3EDA50AD43FF}.Debug|Any CPU.Build.0 = Debug|Any CPU
		{B731C704-BAAB-4B82-AEB6-3EDA50AD43FF}.Release|Any CPU.ActiveCfg = Release|Any CPU
		{B731C704-BAAB-4B82-AEB6-3EDA50AD43FF}.Release|Any CPU.Build.0 = Release|Any CPU
		{99F8B87B-4F43-46D3-938D-0796399D990F}.Debug|Any CPU.ActiveCfg = Debug|Any CPU
		{99F8B87B-4F43-46D3-938D-0796399D990F}.Debug|Any CPU.Build.0 = Debug|Any CPU
		{99F8B87B-4F43-46D3-938D-0796399D990F}.Release|Any CPU.ActiveCfg = Release|Any CPU
		{99F8B87B-4F43-46D3-938D-0796399D990F}.Release|Any CPU.Build.0 = Release|Any CPU
		{AC47578D-A93E-4838-A5BB-ADD52389C4B3}.Debug|Any CPU.ActiveCfg = Debug|Any CPU
		{AC47578D-A93E-4838-A5BB-ADD52389C4B3}.Debug|Any CPU.Build.0 = Debug|Any CPU
		{AC47578D-A93E-4838-A5BB-ADD52389C4B3}.Release|Any CPU.ActiveCfg = Release|Any CPU
		{AC47578D-A93E-4838-A5BB-ADD52389C4B3}.Release|Any CPU.Build.0 = Release|Any CPU
		{1AA3569F-70EF-403E-B8FC-E3CE78DCB99F}.Debug|Any CPU.ActiveCfg = Debug|Any CPU
		{1AA3569F-70EF-403E-B8FC-E3CE78DCB99F}.Debug|Any CPU.Build.0 = Debug|Any CPU
		{1AA3569F-70EF-403E-B8FC-E3CE78DCB99F}.Release|Any CPU.ActiveCfg = Release|Any CPU
		{1AA3569F-70EF-403E-B8FC-E3CE78DCB99F}.Release|Any CPU.Build.0 = Release|Any CPU
		{260FCC36-1B1C-4F1B-81B8-3D87003834F4}.Debug|Any CPU.ActiveCfg = Debug|Any CPU
		{260FCC36-1B1C-4F1B-81B8-3D87003834F4}.Debug|Any CPU.Build.0 = Debug|Any CPU
		{260FCC36-1B1C-4F1B-81B8-3D87003834F4}.Release|Any CPU.ActiveCfg = Release|Any CPU
		{260FCC36-1B1C-4F1B-81B8-3D87003834F4}.Release|Any CPU.Build.0 = Release|Any CPU
		{A13CF2F6-1BBD-46CA-9252-A04F6C2C4766}.Debug|Any CPU.ActiveCfg = Debug|Any CPU
		{A13CF2F6-1BBD-46CA-9252-A04F6C2C4766}.Debug|Any CPU.Build.0 = Debug|Any CPU
		{A13CF2F6-1BBD-46CA-9252-A04F6C2C4766}.Release|Any CPU.ActiveCfg = Release|Any CPU
		{A13CF2F6-1BBD-46CA-9252-A04F6C2C4766}.Release|Any CPU.Build.0 = Release|Any CPU
		{1ADAC42E-BB20-4E81-930E-4E8F0E4FAC2A}.Debug|Any CPU.ActiveCfg = Debug|Any CPU
		{1ADAC42E-BB20-4E81-930E-4E8F0E4FAC2A}.Debug|Any CPU.Build.0 = Debug|Any CPU
		{1ADAC42E-BB20-4E81-930E-4E8F0E4FAC2A}.Release|Any CPU.ActiveCfg = Release|Any CPU
		{1ADAC42E-BB20-4E81-930E-4E8F0E4FAC2A}.Release|Any CPU.Build.0 = Release|Any CPU
		{83F1CF75-BFC7-4C18-B752-EE8BBD7A7E9C}.Debug|Any CPU.ActiveCfg = Debug|Any CPU
		{83F1CF75-BFC7-4C18-B752-EE8BBD7A7E9C}.Debug|Any CPU.Build.0 = Debug|Any CPU
		{83F1CF75-BFC7-4C18-B752-EE8BBD7A7E9C}.Release|Any CPU.ActiveCfg = Release|Any CPU
		{83F1CF75-BFC7-4C18-B752-EE8BBD7A7E9C}.Release|Any CPU.Build.0 = Release|Any CPU
		{F440C669-A5C3-4946-A683-7136A7C95E05}.Debug|Any CPU.ActiveCfg = Debug|Any CPU
		{F440C669-A5C3-4946-A683-7136A7C95E05}.Debug|Any CPU.Build.0 = Debug|Any CPU
		{F440C669-A5C3-4946-A683-7136A7C95E05}.Release|Any CPU.ActiveCfg = Release|Any CPU
		{F440C669-A5C3-4946-A683-7136A7C95E05}.Release|Any CPU.Build.0 = Release|Any CPU
		{D4B61003-6E66-4F3C-90BF-C94C60D0A00A}.Debug|Any CPU.ActiveCfg = Debug|Any CPU
		{D4B61003-6E66-4F3C-90BF-C94C60D0A00A}.Debug|Any CPU.Build.0 = Debug|Any CPU
		{D4B61003-6E66-4F3C-90BF-C94C60D0A00A}.Release|Any CPU.ActiveCfg = Release|Any CPU
		{D4B61003-6E66-4F3C-90BF-C94C60D0A00A}.Release|Any CPU.Build.0 = Release|Any CPU
		{7B7BEB75-B1DC-456B-9D45-CDB7F97E11B3}.Debug|Any CPU.ActiveCfg = Debug|Any CPU
		{7B7BEB75-B1DC-456B-9D45-CDB7F97E11B3}.Debug|Any CPU.Build.0 = Debug|Any CPU
		{7B7BEB75-B1DC-456B-9D45-CDB7F97E11B3}.Release|Any CPU.ActiveCfg = Release|Any CPU
		{7B7BEB75-B1DC-456B-9D45-CDB7F97E11B3}.Release|Any CPU.Build.0 = Release|Any CPU
		{BC42AE2E-D280-440D-9E3B-108CD87E79B5}.Debug|Any CPU.ActiveCfg = Debug|Any CPU
		{BC42AE2E-D280-440D-9E3B-108CD87E79B5}.Debug|Any CPU.Build.0 = Debug|Any CPU
		{BC42AE2E-D280-440D-9E3B-108CD87E79B5}.Release|Any CPU.ActiveCfg = Release|Any CPU
		{BC42AE2E-D280-440D-9E3B-108CD87E79B5}.Release|Any CPU.Build.0 = Release|Any CPU
	EndGlobalSection
	GlobalSection(SolutionProperties) = preSolution
		HideSolutionNode = FALSE
	EndGlobalSection
	GlobalSection(NestedProjects) = preSolution
		{5864834E-A24A-4B4D-AA23-EF67B69C5624} = {8D4F91EA-DFE1-4B55-B3AF-C16B1B1912E7}
		{F31C5CE5-3A26-406B-86B4-1303D44F33EE} = {6335B2B3-7AE5-4F6C-BDA8-3932C510FEDC}
		{B731C704-BAAB-4B82-AEB6-3EDA50AD43FF} = {6335B2B3-7AE5-4F6C-BDA8-3932C510FEDC}
		{99F8B87B-4F43-46D3-938D-0796399D990F} = {6335B2B3-7AE5-4F6C-BDA8-3932C510FEDC}
		{AC47578D-A93E-4838-A5BB-ADD52389C4B3} = {7AF42A8B-4E7A-49C4-8BF1-8E8BD7EBD4EF}
		{1AA3569F-70EF-403E-B8FC-E3CE78DCB99F} = {7AF42A8B-4E7A-49C4-8BF1-8E8BD7EBD4EF}
		{260FCC36-1B1C-4F1B-81B8-3D87003834F4} = {B843D8AC-E9B6-4922-9303-EE4971530930}
		{A13CF2F6-1BBD-46CA-9252-A04F6C2C4766} = {B843D8AC-E9B6-4922-9303-EE4971530930}
		{1ADAC42E-BB20-4E81-930E-4E8F0E4FAC2A} = {D3EC1BB9-2861-4539-B413-04AE2B6374C5}
		{83F1CF75-BFC7-4C18-B752-EE8BBD7A7E9C} = {D3EC1BB9-2861-4539-B413-04AE2B6374C5}
		{F440C669-A5C3-4946-A683-7136A7C95E05} = {D3EC1BB9-2861-4539-B413-04AE2B6374C5}
		{D4B61003-6E66-4F3C-90BF-C94C60D0A00A} = {BB1D409B-15EB-4DEB-AD66-34032B263AB6}
		{7B7BEB75-B1DC-456B-9D45-CDB7F97E11B3} = {7AF42A8B-4E7A-49C4-8BF1-8E8BD7EBD4EF}
		{BC42AE2E-D280-440D-9E3B-108CD87E79B5} = {B843D8AC-E9B6-4922-9303-EE4971530930}
	EndGlobalSection
	GlobalSection(ExtensibilityGlobals) = postSolution
		SolutionGuid = {5E79A4AA-1C8C-4DB7-8A30-9840B2F51AFE}
	EndGlobalSection
EndGlobal
