
Microsoft Visual Studio Solution File, Format Version 12.00
# Visual Studio Version 16
VisualStudioVersion = 16.0.33927.289
MinimumVisualStudioVersion = 10.0.40219.1
Project("{2150E333-8FDC-42A3-9474-1A3956D46DE8}") = "Task0", "Task0", "{8D4F91EA-DFE1-4B55-B3AF-C16B1B1912E7}"
EndProject
Project("{FAE04EC0-301F-11D3-BF4B-00C04F79EFBC}") = "Tyuiu.BorisovaDS.Sprint0.Task0.V0", "Tyuiu.BorisovaDS.Sprint0.Task0.V0\Tyuiu.BorisovaDS.Sprint0.Task0.V0.csproj", "{5864834E-A24A-4B4D-AA23-EF67B69C5624}"
EndProject
Project("{2150E333-8FDC-42A3-9474-1A3956D46DE8}") = "Task1", "Task1", "{A8CFDB37-85A7-4B2D-B782-D8A68426F75A}"
EndProject
Project("{FAE04EC0-301F-11D3-BF4B-00C04F79EFBC}") = "Tyuiu.BorisovaDS.Sprint0.Task1.V0", "Tyuiu.BorisovaDS.Sprint0.Task1.V0\Tyuiu.BorisovaDS.Sprint0.Task1.V0.csproj", "{9C69CEA1-AFFF-47CA-969B-6635084F2329}"
EndProject
Project("{2150E333-8FDC-42A3-9474-1A3956D46DE8}") = "Task2", "Task2", "{6335B2B3-7AE5-4F6C-BDA8-3932C510FEDC}"
EndProject
Project("{FAE04EC0-301F-11D3-BF4B-00C04F79EFBC}") = "Tyuiu.BorisovaDS.Sprint0.Task2.V0", "Tyuiu.BorisovaDS.Sprint0.Task2.V0\Tyuiu.BorisovaDS.Sprint0.Task2.V0.csproj", "{F31C5CE5-3A26-406B-86B4-1303D44F33EE}"
EndProject
Project("{FAE04EC0-301F-11D3-BF4B-00C04F79EFBC}") = "Tyuiu.BorisovaDS.Sprint0.Task2.V0.Lib", "Tyuiu.BorisovaDS.Sprint0.Task2.V0.Lib\Tyuiu.BorisovaDS.Sprint0.Task2.V0.Lib.csproj", "{B731C704-BAAB-4B82-AEB6-3EDA50AD43FF}"
EndProject
Project("{FAE04EC0-301F-11D3-BF4B-00C04F79EFBC}") = "Tyuiu.BorisovaDS.Sprint0.Task2.V0.Test", "Tyuiu.BorisovaDS.Sprint0.Task2.V0.Test\Tyuiu.BorisovaDS.Sprint0.Task2.V0.Test.csproj", "{99F8B87B-4F43-46D3-938D-0796399D990F}"
EndProject
Global
	GlobalSection(SolutionConfigurationPlatforms) = preSolution
		Debug|Any CPU = Debug|Any CPU
		Release|Any CPU = Release|Any CPU
	EndGlobalSection
	GlobalSection(ProjectConfigurationPlatforms) = postSolution
		{5864834E-A24A-4B4D-AA23-EF67B69C5624}.Debug|Any CPU.ActiveCfg = Debug|Any CPU
		{5864834E-A24A-4B4D-AA23-EF67B69C5624}.Debug|Any CPU.Build.0 = Debug|Any CPU
		{5864834E-A24A-4B4D-AA23-EF67B69C5624}.Release|Any CPU.ActiveCfg = Release|Any CPU
		{5864834E-A24A-4B4D-AA23-EF67B69C5624}.Release|Any CPU.Build.0 = Release|Any CPU
		{9C69CEA1-AFFF-47CA-969B-6635084F2329}.Debug|Any CPU.ActiveCfg = Debug|Any CPU
		{9C69CEA1-AFFF-47CA-969B-6635084F2329}.Debug|Any CPU.Build.0 = Debug|Any CPU
		{9C69CEA1-AFFF-47CA-969B-6635084F2329}.Release|Any CPU.ActiveCfg = Release|Any CPU
		{9C69CEA1-AFFF-47CA-969B-6635084F2329}.Release|Any CPU.Build.0 = Release|Any CPU
		{F31C5CE5-3A26-406B-86B4-1303D44F33EE}.Debug|Any CPU.ActiveCfg = Debug|Any CPU
		{F31C5CE5-3A26-406B-86B4-1303D44F33EE}.Debug|Any CPU.Build.0 = Debug|Any CPU
		{F31C5CE5-3A26-406B-86B4-1303D44F33EE}.Release|Any CPU.ActiveCfg = Release|Any CPU
		{F31C5CE5-3A26-406B-86B4-1303D44F33EE}.Release|Any CPU.Build.0 = Release|Any CPU
		{B731C704-BAAB-4B82-AEB6-3EDA50AD43FF}.Debug|Any CPU.ActiveCfg = Debug|Any CPU
		{B731C704-BAAB-4B82-AEB6-3EDA50AD43FF}.Debug|Any CPU.Build.0 = Debug|Any CPU
		{B731C704-BAAB-4B82-AEB6-3EDA50AD43FF}.Release|Any CPU.ActiveCfg = Release|Any CPU
		{B731C704-BAAB-4B82-AEB6-3EDA50AD43FF}.Release|Any CPU.Build.0 = Release|Any CPU
		{99F8B87B-4F43-46D3-938D-0796399D990F}.Debug|Any CPU.ActiveCfg = Debug|Any CPU
		{99F8B87B-4F43-46D3-938D-0796399D990F}.Debug|Any CPU.Build.0 = Debug|Any CPU
		{99F8B87B-4F43-46D3-938D-0796399D990F}.Release|Any CPU.ActiveCfg = Release|Any CPU
		{99F8B87B-4F43-46D3-938D-0796399D990F}.Release|Any CPU.Build.0 = Release|Any CPU
	EndGlobalSection
	GlobalSection(SolutionProperties) = preSolution
		HideSolutionNode = FALSE
	EndGlobalSection
	GlobalSection(NestedProjects) = preSolution
		{5864834E-A24A-4B4D-AA23-EF67B69C5624} = {8D4F91EA-DFE1-4B55-B3AF-C16B1B1912E7}
		{9C69CEA1-AFFF-47CA-969B-6635084F2329} = {A8CFDB37-85A7-4B2D-B782-D8A68426F75A}
		{F31C5CE5-3A26-406B-86B4-1303D44F33EE} = {6335B2B3-7AE5-4F6C-BDA8-3932C510FEDC}
		{B731C704-BAAB-4B82-AEB6-3EDA50AD43FF} = {6335B2B3-7AE5-4F6C-BDA8-3932C510FEDC}
		{99F8B87B-4F43-46D3-938D-0796399D990F} = {6335B2B3-7AE5-4F6C-BDA8-3932C510FEDC}
	EndGlobalSection
	GlobalSection(ExtensibilityGlobals) = postSolution
		SolutionGuid = {5E79A4AA-1C8C-4DB7-8A30-9840B2F51AFE}
	EndGlobalSection
EndGlobal
